
Microsoft Visual Studio Solution File, Format Version 12.00
# Visual Studio Version 17
VisualStudioVersion = 17.13.35806.99 d17.13
MinimumVisualStudioVersion = 10.0.40219.1
Project("{FAE04EC0-301F-11D3-BF4B-00C04F79EFBC}") = "VoyadoTechCheck", "VoyadoTechCheck.csproj", "{37D1FA8C-CF26-43AB-BFFE-BCD1C2BAA89C}"
EndProject
Global
	GlobalSection(SolutionConfigurationPlatforms) = preSolution
		Debug|Any CPU = Debug|Any CPU
		Release|Any CPU = Release|Any CPU
	EndGlobalSection
	GlobalSection(ProjectConfigurationPlatforms) = postSolution
		{37D1FA8C-CF26-43AB-BFFE-BCD1C2BAA89C}.Debug|Any CPU.ActiveCfg = Debug|Any CPU
		{37D1FA8C-CF26-43AB-BFFE-BCD1C2BAA89C}.Debug|Any CPU.Build.0 = Debug|Any CPU
		{37D1FA8C-CF26-43AB-BFFE-BCD1C2BAA89C}.Release|Any CPU.ActiveCfg = Release|Any CPU
		{37D1FA8C-CF26-43AB-BFFE-BCD1C2BAA89C}.Release|Any CPU.Build.0 = Release|Any CPU
	EndGlobalSection
	GlobalSection(SolutionProperties) = preSolution
		HideSolutionNode = FALSE
	EndGlobalSection
	GlobalSection(ExtensibilityGlobals) = postSolution
		SolutionGuid = {405FB3A4-B9C6-481E-8801-3C5273D1C43A}
	EndGlobalSection
EndGlobal
